// !$*UTF8*$!
{
	archiveVersion = 1;
	classes = {
	};
	objectVersion = 56;
	objects = {

/* Begin PBXBuildFile section */
		677BE0EE2F5A680200C7B5B9 /* GoogleSignIn in Frameworks */ = {isa = PBXBuildFile; productRef = 677BE0ED2F5A680200C7B5B9 /* GoogleSignIn */; };
		A10001 /* SavePalApp.swift in Sources */ = {isa = PBXBuildFile; fileRef = B10001 /* SavePalApp.swift */; };
		A10002 /* ContentView.swift in Sources */ = {isa = PBXBuildFile; fileRef = B10002 /* ContentView.swift */; };
		A10003 /* MainTabView.swift in Sources */ = {isa = PBXBuildFile; fileRef = B10003 /* MainTabView.swift */; };
		A10004 /* APIClient.swift in Sources */ = {isa = PBXBuildFile; fileRef = B10004 /* APIClient.swift */; };
		A10005 /* APIEndpoints.swift in Sources */ = {isa = PBXBuildFile; fileRef = B10005 /* APIEndpoints.swift */; };
		A10006 /* APIError.swift in Sources */ = {isa = PBXBuildFile; fileRef = B10006 /* APIError.swift */; };
		A10007 /* APIResponse.swift in Sources */ = {isa = PBXBuildFile; fileRef = B10007 /* APIResponse.swift */; };
		A10008 /* AuthManager.swift in Sources */ = {isa = PBXBuildFile; fileRef = B10008 /* AuthManager.swift */; };
		A10009 /* KeychainHelper.swift in Sources */ = {isa = PBXBuildFile; fileRef = B10009 /* KeychainHelper.swift */; };
		A10010 /* User.swift in Sources */ = {isa = PBXBuildFile; fileRef = B10010 /* User.swift */; };
		A10011 /* Group.swift in Sources */ = {isa = PBXBuildFile; fileRef = B10011 /* Group.swift */; };
		A10012 /* Membership.swift in Sources */ = {isa = PBXBuildFile; fileRef = B10012 /* Membership.swift */; };
		A10013 /* Cycle.swift in Sources */ = {isa = PBXBuildFile; fileRef = B10013 /* Cycle.swift */; };
		A10014 /* Payment.swift in Sources */ = {isa = PBXBuildFile; fileRef = B10014 /* Payment.swift */; };
		A10015 /* Payout.swift in Sources */ = {isa = PBXBuildFile; fileRef = B10015 /* Payout.swift */; };
		A10016 /* Notification.swift in Sources */ = {isa = PBXBuildFile; fileRef = B10016 /* Notification.swift */; };
		A10017 /* PaymentMethod.swift in Sources */ = {isa = PBXBuildFile; fileRef = B10017 /* PaymentMethod.swift */; };
		A10018 /* ConnectAccount.swift in Sources */ = {isa = PBXBuildFile; fileRef = B10018 /* ConnectAccount.swift */; };
		A10019 /* OnboardingView.swift in Sources */ = {isa = PBXBuildFile; fileRef = B10019 /* OnboardingView.swift */; };
		A10020 /* LoginView.swift in Sources */ = {isa = PBXBuildFile; fileRef = B10020 /* LoginView.swift */; };
		A10021 /* RegisterView.swift in Sources */ = {isa = PBXBuildFile; fileRef = B10021 /* RegisterView.swift */; };
		A10022 /* ForgotPasswordView.swift in Sources */ = {isa = PBXBuildFile; fileRef = B10022 /* ForgotPasswordView.swift */; };
		A10023 /* DashboardView.swift in Sources */ = {isa = PBXBuildFile; fileRef = B10023 /* DashboardView.swift */; };
		A10024 /* GroupsListView.swift in Sources */ = {isa = PBXBuildFile; fileRef = B10024 /* GroupsListView.swift */; };
		A10025 /* CreateGroupView.swift in Sources */ = {isa = PBXBuildFile; fileRef = B10025 /* CreateGroupView.swift */; };
		A10026 /* JoinGroupView.swift in Sources */ = {isa = PBXBuildFile; fileRef = B10026 /* JoinGroupView.swift */; };
		A10027 /* GroupDetailView.swift in Sources */ = {isa = PBXBuildFile; fileRef = B10027 /* GroupDetailView.swift */; };
		A10028 /* PaymentHistoryView.swift in Sources */ = {isa = PBXBuildFile; fileRef = B10028 /* PaymentHistoryView.swift */; };
		A10029 /* ProfileView.swift in Sources */ = {isa = PBXBuildFile; fileRef = B10029 /* ProfileView.swift */; };
		A10030 /* NotificationsView.swift in Sources */ = {isa = PBXBuildFile; fileRef = B10030 /* NotificationsView.swift */; };
		A10031 /* HelpView.swift in Sources */ = {isa = PBXBuildFile; fileRef = B10031 /* HelpView.swift */; };
		A10032 /* LoadingView.swift in Sources */ = {isa = PBXBuildFile; fileRef = B10032 /* LoadingView.swift */; };
		A10033 /* StatusBadge.swift in Sources */ = {isa = PBXBuildFile; fileRef = B10033 /* StatusBadge.swift */; };
		A10034 /* EmptyStateView.swift in Sources */ = {isa = PBXBuildFile; fileRef = B10034 /* EmptyStateView.swift */; };
		A10035 /* ErrorBanner.swift in Sources */ = {isa = PBXBuildFile; fileRef = B10035 /* ErrorBanner.swift */; };
		A10050 /* GoogleLogo.swift in Sources */ = {isa = PBXBuildFile; fileRef = B10050 /* GoogleLogo.swift */; };
		A10036 /* Color+Brand.swift in Sources */ = {isa = PBXBuildFile; fileRef = B10036 /* Color+Brand.swift */; };
		A10037 /* Date+Formatting.swift in Sources */ = {isa = PBXBuildFile; fileRef = B10037 /* Date+Formatting.swift */; };
		A10038 /* Assets.xcassets in Resources */ = {isa = PBXBuildFile; fileRef = B10038 /* Assets.xcassets */; };
		A10039 /* PrivacyInfo.xcprivacy in Resources */ = {isa = PBXBuildFile; fileRef = B10039 /* PrivacyInfo.xcprivacy */; };
		A10040 /* StripeManager.swift in Sources */ = {isa = PBXBuildFile; fileRef = B10041 /* StripeManager.swift */; };
		A10041 /* AddCardView.swift in Sources */ = {isa = PBXBuildFile; fileRef = B10042 /* AddCardView.swift */; };
		A10042 /* MakePaymentView.swift in Sources */ = {isa = PBXBuildFile; fileRef = B10043 /* MakePaymentView.swift */; };
		A10043 /* StripePaymentSheet in Frameworks */ = {isa = PBXBuildFile; productRef = P10001 /* StripePaymentSheet */; };
		A10044 /* PushNotificationManager.swift in Sources */ = {isa = PBXBuildFile; fileRef = B10044 /* PushNotificationManager.swift */; };
		A10045 /* GoogleSignInHelper.swift in Sources */ = {isa = PBXBuildFile; fileRef = B10045 /* GoogleSignInHelper.swift */; };
		A10046 /* Bid.swift in Sources */ = {isa = PBXBuildFile; fileRef = B10046 /* Bid.swift */; };
		AFE53AC59D14482EB345C52A /* BidModelTests.swift in Sources */ = {isa = PBXBuildFile; fileRef = C5269B24B99A401F9757312F /* BidModelTests.swift */; };
		3240AAFA63704F11A91E4DB4 /* CycleModelTests.swift in Sources */ = {isa = PBXBuildFile; fileRef = 896EE158D0124701B78B9168 /* CycleModelTests.swift */; };
		42F143785EB2448DBE43C27C /* MembershipModelTests.swift in Sources */ = {isa = PBXBuildFile; fileRef = FBFDE6FEFBC54768A8CE40F8 /* MembershipModelTests.swift */; };
		BCEF77FB12894AA1B595756B /* GroupModelTests.swift in Sources */ = {isa = PBXBuildFile; fileRef = DE48ABCBFC774E53B5503218 /* GroupModelTests.swift */; };
/* End PBXBuildFile section */

/* Begin PBXFileReference section */
		677BE0EF2F5A68FA00C7B5B9 /* Info.plist */ = {isa = PBXFileReference; lastKnownFileType = text.plist; path = Info.plist; sourceTree = "<group>"; };
		B10001 /* SavePalApp.swift */ = {isa = PBXFileReference; lastKnownFileType = sourcecode.swift; path = SavePalApp.swift; sourceTree = "<group>"; };
		B10002 /* ContentView.swift */ = {isa = PBXFileReference; lastKnownFileType = sourcecode.swift; path = ContentView.swift; sourceTree = "<group>"; };
		B10003 /* MainTabView.swift */ = {isa = PBXFileReference; lastKnownFileType = sourcecode.swift; path = MainTabView.swift; sourceTree = "<group>"; };
		B10004 /* APIClient.swift */ = {isa = PBXFileReference; lastKnownFileType = sourcecode.swift; path = APIClient.swift; sourceTree = "<group>"; };
		B10005 /* APIEndpoints.swift */ = {isa = PBXFileReference; lastKnownFileType = sourcecode.swift; path = APIEndpoints.swift; sourceTree = "<group>"; };
		B10006 /* APIError.swift */ = {isa = PBXFileReference; lastKnownFileType = sourcecode.swift; path = APIError.swift; sourceTree = "<group>"; };
		B10007 /* APIResponse.swift */ = {isa = PBXFileReference; lastKnownFileType = sourcecode.swift; path = APIResponse.swift; sourceTree = "<group>"; };
		B10008 /* AuthManager.swift */ = {isa = PBXFileReference; lastKnownFileType = sourcecode.swift; path = AuthManager.swift; sourceTree = "<group>"; };
		B10009 /* KeychainHelper.swift */ = {isa = PBXFileReference; lastKnownFileType = sourcecode.swift; path = KeychainHelper.swift; sourceTree = "<group>"; };
		B10010 /* User.swift */ = {isa = PBXFileReference; lastKnownFileType = sourcecode.swift; path = User.swift; sourceTree = "<group>"; };
		B10011 /* Group.swift */ = {isa = PBXFileReference; lastKnownFileType = sourcecode.swift; path = Group.swift; sourceTree = "<group>"; };
		B10012 /* Membership.swift */ = {isa = PBXFileReference; lastKnownFileType = sourcecode.swift; path = Membership.swift; sourceTree = "<group>"; };
		B10013 /* Cycle.swift */ = {isa = PBXFileReference; lastKnownFileType = sourcecode.swift; path = Cycle.swift; sourceTree = "<group>"; };
		B10014 /* Payment.swift */ = {isa = PBXFileReference; lastKnownFileType = sourcecode.swift; path = Payment.swift; sourceTree = "<group>"; };
		B10015 /* Payout.swift */ = {isa = PBXFileReference; lastKnownFileType = sourcecode.swift; path = Payout.swift; sourceTree = "<group>"; };
		B10016 /* Notification.swift */ = {isa = PBXFileReference; lastKnownFileType = sourcecode.swift; path = Notification.swift; sourceTree = "<group>"; };
		B10017 /* PaymentMethod.swift */ = {isa = PBXFileReference; lastKnownFileType = sourcecode.swift; path = PaymentMethod.swift; sourceTree = "<group>"; };
		B10018 /* ConnectAccount.swift */ = {isa = PBXFileReference; lastKnownFileType = sourcecode.swift; path = ConnectAccount.swift; sourceTree = "<group>"; };
		B10019 /* OnboardingView.swift */ = {isa = PBXFileReference; lastKnownFileType = sourcecode.swift; path = OnboardingView.swift; sourceTree = "<group>"; };
		B10020 /* LoginView.swift */ = {isa = PBXFileReference; lastKnownFileType = sourcecode.swift; path = LoginView.swift; sourceTree = "<group>"; };
		B10021 /* RegisterView.swift */ = {isa = PBXFileReference; lastKnownFileType = sourcecode.swift; path = RegisterView.swift; sourceTree = "<group>"; };
		B10022 /* ForgotPasswordView.swift */ = {isa = PBXFileReference; lastKnownFileType = sourcecode.swift; path = ForgotPasswordView.swift; sourceTree = "<group>"; };
		B10023 /* DashboardView.swift */ = {isa = PBXFileReference; lastKnownFileType = sourcecode.swift; path = DashboardView.swift; sourceTree = "<group>"; };
		B10024 /* GroupsListView.swift */ = {isa = PBXFileReference; lastKnownFileType = sourcecode.swift; path = GroupsListView.swift; sourceTree = "<group>"; };
		B10025 /* CreateGroupView.swift */ = {isa = PBXFileReference; lastKnownFileType = sourcecode.swift; path = CreateGroupView.swift; sourceTree = "<group>"; };
		B10026 /* JoinGroupView.swift */ = {isa = PBXFileReference; lastKnownFileType = sourcecode.swift; path = JoinGroupView.swift; sourceTree = "<group>"; };
		B10027 /* GroupDetailView.swift */ = {isa = PBXFileReference; lastKnownFileType = sourcecode.swift; path = GroupDetailView.swift; sourceTree = "<group>"; };
		B10028 /* PaymentHistoryView.swift */ = {isa = PBXFileReference; lastKnownFileType = sourcecode.swift; path = PaymentHistoryView.swift; sourceTree = "<group>"; };
		B10029 /* ProfileView.swift */ = {isa = PBXFileReference; lastKnownFileType = sourcecode.swift; path = ProfileView.swift; sourceTree = "<group>"; };
		B10030 /* NotificationsView.swift */ = {isa = PBXFileReference; lastKnownFileType = sourcecode.swift; path = NotificationsView.swift; sourceTree = "<group>"; };
		B10031 /* HelpView.swift */ = {isa = PBXFileReference; lastKnownFileType = sourcecode.swift; path = HelpView.swift; sourceTree = "<group>"; };
		B10032 /* LoadingView.swift */ = {isa = PBXFileReference; lastKnownFileType = sourcecode.swift; path = LoadingView.swift; sourceTree = "<group>"; };
		B10033 /* StatusBadge.swift */ = {isa = PBXFileReference; lastKnownFileType = sourcecode.swift; path = StatusBadge.swift; sourceTree = "<group>"; };
		B10034 /* EmptyStateView.swift */ = {isa = PBXFileReference; lastKnownFileType = sourcecode.swift; path = EmptyStateView.swift; sourceTree = "<group>"; };
		B10035 /* ErrorBanner.swift */ = {isa = PBXFileReference; lastKnownFileType = sourcecode.swift; path = ErrorBanner.swift; sourceTree = "<group>"; };
		B10050 /* GoogleLogo.swift */ = {isa = PBXFileReference; lastKnownFileType = sourcecode.swift; path = GoogleLogo.swift; sourceTree = "<group>"; };
		B10036 /* Color+Brand.swift */ = {isa = PBXFileReference; lastKnownFileType = sourcecode.swift; path = "Color+Brand.swift"; sourceTree = "<group>"; };
		B10037 /* Date+Formatting.swift */ = {isa = PBXFileReference; lastKnownFileType = sourcecode.swift; path = "Date+Formatting.swift"; sourceTree = "<group>"; };
		B10038 /* Assets.xcassets */ = {isa = PBXFileReference; lastKnownFileType = folder.assetcatalog; path = Assets.xcassets; sourceTree = "<group>"; };
		B10039 /* PrivacyInfo.xcprivacy */ = {isa = PBXFileReference; lastKnownFileType = text.xml; path = PrivacyInfo.xcprivacy; sourceTree = "<group>"; };
		B10040 /* SavePal.entitlements */ = {isa = PBXFileReference; lastKnownFileType = text.plist.entitlements; path = SavePal.entitlements; sourceTree = "<group>"; };
		B10041 /* StripeManager.swift */ = {isa = PBXFileReference; lastKnownFileType = sourcecode.swift; path = StripeManager.swift; sourceTree = "<group>"; };
		B10042 /* AddCardView.swift */ = {isa = PBXFileReference; lastKnownFileType = sourcecode.swift; path = AddCardView.swift; sourceTree = "<group>"; };
		B10043 /* MakePaymentView.swift */ = {isa = PBXFileReference; lastKnownFileType = sourcecode.swift; path = MakePaymentView.swift; sourceTree = "<group>"; };
		B10044 /* PushNotificationManager.swift */ = {isa = PBXFileReference; lastKnownFileType = sourcecode.swift; path = PushNotificationManager.swift; sourceTree = "<group>"; };
		B10045 /* GoogleSignInHelper.swift */ = {isa = PBXFileReference; lastKnownFileType = sourcecode.swift; path = GoogleSignInHelper.swift; sourceTree = "<group>"; };
		B10046 /* Bid.swift */ = {isa = PBXFileReference; lastKnownFileType = sourcecode.swift; path = Bid.swift; sourceTree = "<group>"; };
		C10000 /* SavePal.app */ = {isa = PBXFileReference; explicitFileType = wrapper.application; includeInIndex = 0; path = SavePal.app; sourceTree = BUILT_PRODUCTS_DIR; };
		4476DA132FCA400AB3BC4CB8 /* SavePalTests.xctest */ = {isa = PBXFileReference; explicitFileType = wrapper.cfbundle; includeInIndex = 0; path = SavePalTests.xctest; sourceTree = BUILT_PRODUCTS_DIR; };
		C5269B24B99A401F9757312F /* BidModelTests.swift */ = {isa = PBXFileReference; lastKnownFileType = sourcecode.swift; path = BidModelTests.swift; sourceTree = "<group>"; };
		896EE158D0124701B78B9168 /* CycleModelTests.swift */ = {isa = PBXFileReference; lastKnownFileType = sourcecode.swift; path = CycleModelTests.swift; sourceTree = "<group>"; };
		FBFDE6FEFBC54768A8CE40F8 /* MembershipModelTests.swift */ = {isa = PBXFileReference; lastKnownFileType = sourcecode.swift; path = MembershipModelTests.swift; sourceTree = "<group>"; };
		DE48ABCBFC774E53B5503218 /* GroupModelTests.swift */ = {isa = PBXFileReference; lastKnownFileType = sourcecode.swift; path = GroupModelTests.swift; sourceTree = "<group>"; };
/* End PBXFileReference section */

/* Begin PBXFrameworksBuildPhase section */
		D10001 /* Frameworks */ = {
			isa = PBXFrameworksBuildPhase;
			buildActionMask = 2147483647;
			files = (
				A10043 /* StripePaymentSheet in Frameworks */,
				677BE0EE2F5A680200C7B5B9 /* GoogleSignIn in Frameworks */,
			);
			runOnlyForDeploymentPostprocessing = 0;
		};
		T40001 /* Frameworks */ = {
			isa = PBXFrameworksBuildPhase;
			buildActionMask = 2147483647;
			files = (
			);
			runOnlyForDeploymentPostprocessing = 0;
		};
/* End PBXFrameworksBuildPhase section */

/* Begin PBXContainerItemProxy section */
		T50001 /* PBXContainerItemProxy */ = {
			isa = PBXContainerItemProxy;
			containerPortal = F10000 /* Project object */;
			proxyType = 1;
			remoteGlobalIDString = F10001;
			remoteInfo = SavePal;
		};
/* End PBXContainerItemProxy section */

/* Begin PBXTargetDependency section */
		T50002 /* PBXTargetDependency */ = {
			isa = PBXTargetDependency;
			target = F10001 /* SavePal */;
			targetProxy = T50001 /* PBXContainerItemProxy */;
		};
/* End PBXTargetDependency section */

/* Begin PBXGroup section */
		E10000 = {
			isa = PBXGroup;
			children = (
				E10001 /* SavePal */,
				B508193643D64CFBA852BEAC /* SavePalTests */,
				E10099 /* Products */,
			);
			sourceTree = "<group>";
		};
		E10001 /* SavePal */ = {
			isa = PBXGroup;
			children = (
				677BE0EF2F5A68FA00C7B5B9 /* Info.plist */,
				B10040 /* SavePal.entitlements */,
				E10002 /* App */,
				E10003 /* Core */,
				E10006 /* Models */,
				E10007 /* Features */,
				E10014 /* Shared */,
				E10017 /* Resources */,
			);
			path = SavePal;
			sourceTree = "<group>";
		};
		E10002 /* App */ = {
			isa = PBXGroup;
			children = (
				B10001 /* SavePalApp.swift */,
				B10002 /* ContentView.swift */,
				B10003 /* MainTabView.swift */,
			);
			path = App;
			sourceTree = "<group>";
		};
		E10003 /* Core */ = {
			isa = PBXGroup;
			children = (
				E10004 /* Networking */,
				E10005 /* Auth */,
				E10020 /* Payments */,
				E10021 /* Notifications */,
			);
			path = Core;
			sourceTree = "<group>";
		};
		E10004 /* Networking */ = {
			isa = PBXGroup;
			children = (
				B10004 /* APIClient.swift */,
				B10005 /* APIEndpoints.swift */,
				B10006 /* APIError.swift */,
				B10007 /* APIResponse.swift */,
			);
			path = Networking;
			sourceTree = "<group>";
		};
		E10005 /* Auth */ = {
			isa = PBXGroup;
			children = (
				B10008 /* AuthManager.swift */,
				B10009 /* KeychainHelper.swift */,
				B10045 /* GoogleSignInHelper.swift */,
			);
			path = Auth;
			sourceTree = "<group>";
		};
		E10006 /* Models */ = {
			isa = PBXGroup;
			children = (
				B10010 /* User.swift */,
				B10011 /* Group.swift */,
				B10012 /* Membership.swift */,
				B10013 /* Cycle.swift */,
				B10014 /* Payment.swift */,
				B10015 /* Payout.swift */,
				B10016 /* Notification.swift */,
				B10017 /* PaymentMethod.swift */,
				B10018 /* ConnectAccount.swift */,
				B10046 /* Bid.swift */,
			);
			path = Models;
			sourceTree = "<group>";
		};
		E10007 /* Features */ = {
			isa = PBXGroup;
			children = (
				E10008 /* Onboarding */,
				E10009 /* Auth */,
				E10010 /* Dashboard */,
				E10011 /* Groups */,
				E10012 /* Payments */,
				E10013 /* Profile */,
				E10018 /* Notifications */,
				E10019 /* Help */,
			);
			path = Features;
			sourceTree = "<group>";
		};
		E10008 /* Onboarding */ = {
			isa = PBXGroup;
			children = (
				B10019 /* OnboardingView.swift */,
			);
			path = Onboarding;
			sourceTree = "<group>";
		};
		E10009 /* Auth */ = {
			isa = PBXGroup;
			children = (
				B10020 /* LoginView.swift */,
				B10021 /* RegisterView.swift */,
				B10022 /* ForgotPasswordView.swift */,
			);
			path = Auth;
			sourceTree = "<group>";
		};
		E10010 /* Dashboard */ = {
			isa = PBXGroup;
			children = (
				B10023 /* DashboardView.swift */,
			);
			path = Dashboard;
			sourceTree = "<group>";
		};
		E10011 /* Groups */ = {
			isa = PBXGroup;
			children = (
				B10024 /* GroupsListView.swift */,
				B10025 /* CreateGroupView.swift */,
				B10026 /* JoinGroupView.swift */,
				B10027 /* GroupDetailView.swift */,
			);
			path = Groups;
			sourceTree = "<group>";
		};
		E10012 /* Payments */ = {
			isa = PBXGroup;
			children = (
				B10028 /* PaymentHistoryView.swift */,
				B10042 /* AddCardView.swift */,
				B10043 /* MakePaymentView.swift */,
			);
			path = Payments;
			sourceTree = "<group>";
		};
		E10013 /* Profile */ = {
			isa = PBXGroup;
			children = (
				B10029 /* ProfileView.swift */,
			);
			path = Profile;
			sourceTree = "<group>";
		};
		E10014 /* Shared */ = {
			isa = PBXGroup;
			children = (
				E10015 /* Views */,
				E10016 /* Extensions */,
			);
			path = Shared;
			sourceTree = "<group>";
		};
		E10015 /* Views */ = {
			isa = PBXGroup;
			children = (
				B10032 /* LoadingView.swift */,
				B10033 /* StatusBadge.swift */,
				B10034 /* EmptyStateView.swift */,
				B10035 /* ErrorBanner.swift */,
				B10050 /* GoogleLogo.swift */,
			);
			path = Views;
			sourceTree = "<group>";
		};
		E10016 /* Extensions */ = {
			isa = PBXGroup;
			children = (
				B10036 /* Color+Brand.swift */,
				B10037 /* Date+Formatting.swift */,
			);
			path = Extensions;
			sourceTree = "<group>";
		};
		E10017 /* Resources */ = {
			isa = PBXGroup;
			children = (
				B10038 /* Assets.xcassets */,
				B10039 /* PrivacyInfo.xcprivacy */,
			);
			path = Resources;
			sourceTree = "<group>";
		};
		E10018 /* Notifications */ = {
			isa = PBXGroup;
			children = (
				B10030 /* NotificationsView.swift */,
			);
			path = Notifications;
			sourceTree = "<group>";
		};
		E10019 /* Help */ = {
			isa = PBXGroup;
			children = (
				B10031 /* HelpView.swift */,
			);
			path = Help;
			sourceTree = "<group>";
		};
		E10020 /* Payments */ = {
			isa = PBXGroup;
			children = (
				B10041 /* StripeManager.swift */,
			);
			path = Payments;
			sourceTree = "<group>";
		};
		E10021 /* Notifications */ = {
			isa = PBXGroup;
			children = (
				B10044 /* PushNotificationManager.swift */,
			);
			path = Notifications;
			sourceTree = "<group>";
		};
		E10099 /* Products */ = {
			isa = PBXGroup;
			children = (
				C10000 /* SavePal.app */,
				4476DA132FCA400AB3BC4CB8 /* SavePalTests.xctest */,
			);
			name = Products;
			sourceTree = "<group>";
		};
		B508193643D64CFBA852BEAC /* SavePalTests */ = {
			isa = PBXGroup;
			children = (
				C5269B24B99A401F9757312F /* BidModelTests.swift */,
				896EE158D0124701B78B9168 /* CycleModelTests.swift */,
				FBFDE6FEFBC54768A8CE40F8 /* MembershipModelTests.swift */,
				DE48ABCBFC774E53B5503218 /* GroupModelTests.swift */,
			);
			path = SavePalTests;
			sourceTree = "<group>";
		};
/* End PBXGroup section */

/* Begin PBXNativeTarget section */
		F10001 /* SavePal */ = {
			isa = PBXNativeTarget;
			buildConfigurationList = G10003 /* Build configuration list for PBXNativeTarget "SavePal" */;
			buildPhases = (
				F10002 /* Sources */,
				D10001 /* Frameworks */,
				F10003 /* Resources */,
			);
			buildRules = (
			);
			dependencies = (
			);
			name = SavePal;
			packageProductDependencies = (
				P10001 /* StripePaymentSheet */,
				677BE0ED2F5A680200C7B5B9 /* GoogleSignIn */,
			);
			productName = SavePal;
			productReference = C10000 /* SavePal.app */;
			productType = "com.apple.product-type.application";
		};
		759FD6BEE1B348EAA71F6176 /* SavePalTests */ = {
			isa = PBXNativeTarget;
			buildConfigurationList = 296B4D614F414E48817472A0 /* Build configuration list for PBXNativeTarget "SavePalTests" */;
			buildPhases = (
				1A65DBA40CC244988018DBF2 /* Sources */,
				T40001 /* Frameworks */,
			);
			buildRules = (
			);
			dependencies = (
				T50002 /* PBXTargetDependency */,
			);
			name = SavePalTests;
			productName = SavePalTests;
			productReference = 4476DA132FCA400AB3BC4CB8 /* SavePalTests.xctest */;
			productType = "com.apple.product-type.bundle.unit-test";
		};
/* End PBXNativeTarget section */

/* Begin PBXProject section */
		F10000 /* Project object */ = {
			isa = PBXProject;
			attributes = {
				BuildIndependentTargetsInParallel = 1;
				LastSwiftUpdateCheck = 1600;
				LastUpgradeCheck = 2630;
				TargetAttributes = {
					F10001 = {
						CreatedOnToolsVersion = 16.0;
					};
				};
			};
			buildConfigurationList = G10001 /* Build configuration list for PBXProject "SavePal" */;
			compatibilityVersion = "Xcode 14.0";
			developmentRegion = en;
			hasScannedForEncodings = 0;
			knownRegions = (
				en,
				Base,
			);
			mainGroup = E10000;
			packageReferences = (
				R10001 /* XCRemoteSwiftPackageReference "stripe-ios" */,
				677BE0EC2F5A680200C7B5B9 /* XCRemoteSwiftPackageReference "GoogleSignIn-iOS" */,
			);
			productRefGroup = E10099 /* Products */;
			projectDirPath = "";
			projectRoot = "";
			targets = (
				F10001 /* SavePal */,
				759FD6BEE1B348EAA71F6176 /* SavePalTests */,
			);
		};
/* End PBXProject section */

/* Begin PBXResourcesBuildPhase section */
		F10003 /* Resources */ = {
			isa = PBXResourcesBuildPhase;
			buildActionMask = 2147483647;
			files = (
				A10038 /* Assets.xcassets in Resources */,
				A10039 /* PrivacyInfo.xcprivacy in Resources */,
			);
			runOnlyForDeploymentPostprocessing = 0;
		};
/* End PBXResourcesBuildPhase section */

/* Begin PBXSourcesBuildPhase section */
		F10002 /* Sources */ = {
			isa = PBXSourcesBuildPhase;
			buildActionMask = 2147483647;
			files = (
				A10001 /* SavePalApp.swift in Sources */,
				A10002 /* ContentView.swift in Sources */,
				A10003 /* MainTabView.swift in Sources */,
				A10004 /* APIClient.swift in Sources */,
				A10005 /* APIEndpoints.swift in Sources */,
				A10006 /* APIError.swift in Sources */,
				A10007 /* APIResponse.swift in Sources */,
				A10008 /* AuthManager.swift in Sources */,
				A10009 /* KeychainHelper.swift in Sources */,
				A10010 /* User.swift in Sources */,
				A10011 /* Group.swift in Sources */,
				A10012 /* Membership.swift in Sources */,
				A10013 /* Cycle.swift in Sources */,
				A10014 /* Payment.swift in Sources */,
				A10015 /* Payout.swift in Sources */,
				A10016 /* Notification.swift in Sources */,
				A10017 /* PaymentMethod.swift in Sources */,
				A10018 /* ConnectAccount.swift in Sources */,
				A10019 /* OnboardingView.swift in Sources */,
				A10020 /* LoginView.swift in Sources */,
				A10021 /* RegisterView.swift in Sources */,
				A10022 /* ForgotPasswordView.swift in Sources */,
				A10023 /* DashboardView.swift in Sources */,
				A10024 /* GroupsListView.swift in Sources */,
				A10025 /* CreateGroupView.swift in Sources */,
				A10026 /* JoinGroupView.swift in Sources */,
				A10027 /* GroupDetailView.swift in Sources */,
				A10028 /* PaymentHistoryView.swift in Sources */,
				A10029 /* ProfileView.swift in Sources */,
				A10030 /* NotificationsView.swift in Sources */,
				A10031 /* HelpView.swift in Sources */,
				A10032 /* LoadingView.swift in Sources */,
				A10033 /* StatusBadge.swift in Sources */,
				A10034 /* EmptyStateView.swift in Sources */,
				A10035 /* ErrorBanner.swift in Sources */,
				A10050 /* GoogleLogo.swift in Sources */,
				A10036 /* Color+Brand.swift in Sources */,
				A10037 /* Date+Formatting.swift in Sources */,
				A10040 /* StripeManager.swift in Sources */,
				A10041 /* AddCardView.swift in Sources */,
				A10042 /* MakePaymentView.swift in Sources */,
				A10044 /* PushNotificationManager.swift in Sources */,
				A10045 /* GoogleSignInHelper.swift in Sources */,
				A10046 /* Bid.swift in Sources */,
			);
			runOnlyForDeploymentPostprocessing = 0;
		};
		1A65DBA40CC244988018DBF2 /* Sources */ = {
			isa = PBXSourcesBuildPhase;
			buildActionMask = 2147483647;
			files = (
				AFE53AC59D14482EB345C52A /* BidModelTests.swift in Sources */,
				3240AAFA63704F11A91E4DB4 /* CycleModelTests.swift in Sources */,
				42F143785EB2448DBE43C27C /* MembershipModelTests.swift in Sources */,
				BCEF77FB12894AA1B595756B /* GroupModelTests.swift in Sources */,
			);
			runOnlyForDeploymentPostprocessing = 0;
		};
/* End PBXSourcesBuildPhase section */

/* Begin XCBuildConfiguration section */
		G10010 /* Debug */ = {
			isa = XCBuildConfiguration;
			buildSettings = {
				ALWAYS_SEARCH_USER_PATHS = NO;
				ASSETCATALOG_COMPILER_GENERATE_SWIFT_ASSET_SYMBOL_EXTENSIONS = YES;
				CLANG_ANALYZER_NONNULL = YES;
				CLANG_ANALYZER_NUMBER_OBJECT_CONVERSION = YES_AGGRESSIVE;
				CLANG_CXX_LANGUAGE_STANDARD = "gnu++20";
				CLANG_ENABLE_MODULES = YES;
				CLANG_ENABLE_OBJC_ARC = YES;
				CLANG_ENABLE_OBJC_WEAK = YES;
				CLANG_WARN_BLOCK_CAPTURE_AUTORELEASING = YES;
				CLANG_WARN_BOOL_CONVERSION = YES;
				CLANG_WARN_COMMA = YES;
				CLANG_WARN_CONSTANT_CONVERSION = YES;
				CLANG_WARN_DEPRECATED_OBJC_IMPLEMENTATIONS = YES;
				CLANG_WARN_DIRECT_OBJC_ISA_USAGE = YES_ERROR;
				CLANG_WARN_DOCUMENTATION_COMMENTS = YES;
				CLANG_WARN_EMPTY_BODY = YES;
				CLANG_WARN_ENUM_CONVERSION = YES;
				CLANG_WARN_INFINITE_RECURSION = YES;
				CLANG_WARN_INT_CONVERSION = YES;
				CLANG_WARN_NON_LITERAL_NULL_CONVERSION = YES;
				CLANG_WARN_OBJC_IMPLICIT_RETAIN_SELF = YES;
				CLANG_WARN_OBJC_LITERAL_CONVERSION = YES;
				CLANG_WARN_OBJC_ROOT_CLASS = YES_ERROR;
				CLANG_WARN_QUOTED_INCLUDE_IN_FRAMEWORK_HEADER = YES;
				CLANG_WARN_RANGE_LOOP_ANALYSIS = YES;
				CLANG_WARN_STRICT_PROTOTYPES = YES;
				CLANG_WARN_SUSPICIOUS_MOVE = YES;
				CLANG_WARN_UNGUARDED_AVAILABILITY = YES_AGGRESSIVE;
				CLANG_WARN_UNREACHABLE_CODE = YES;
				CLANG_WARN__DUPLICATE_METHOD_MATCH = YES;
				COPY_PHASE_STRIP = NO;
				DEBUG_INFORMATION_FORMAT = dwarf;
				DEVELOPMENT_TEAM = 9S7UVPFSUT;
				ENABLE_STRICT_OBJC_MSGSEND = YES;
				ENABLE_TESTABILITY = YES;
				ENABLE_USER_SCRIPT_SANDBOXING = YES;
				GCC_C_LANGUAGE_STANDARD = gnu17;
				GCC_DYNAMIC_NO_PIC = NO;
				GCC_NO_COMMON_BLOCKS = YES;
				GCC_OPTIMIZATION_LEVEL = 0;
				GCC_PREPROCESSOR_DEFINITIONS = (
					"DEBUG=1",
					"$(inherited)",
				);
				GCC_WARN_64_TO_32_BIT_CONVERSION = YES;
				GCC_WARN_ABOUT_RETURN_TYPE = YES_ERROR;
				GCC_WARN_UNDECLARED_SELECTOR = YES;
				GCC_WARN_UNINITIALIZED_AUTOS = YES_AGGRESSIVE;
				GCC_WARN_UNUSED_FUNCTION = YES;
				GCC_WARN_UNUSED_VARIABLE = YES;
				IPHONEOS_DEPLOYMENT_TARGET = 17.0;
				MTL_ENABLE_DEBUG_INFO = INCLUDE_SOURCE;
				MTL_FAST_MATH = YES;
				ONLY_ACTIVE_ARCH = YES;
				SDKROOT = iphoneos;
				STRING_CATALOG_GENERATE_SYMBOLS = YES;
				SWIFT_ACTIVE_COMPILATION_CONDITIONS = "DEBUG $(inherited)";
				SWIFT_OPTIMIZATION_LEVEL = "-Onone";
			};
			name = Debug;
		};
		G10011 /* Release */ = {
			isa = XCBuildConfiguration;
			buildSettings = {
				ALWAYS_SEARCH_USER_PATHS = NO;
				ASSETCATALOG_COMPILER_GENERATE_SWIFT_ASSET_SYMBOL_EXTENSIONS = YES;
				CLANG_ANALYZER_NONNULL = YES;
				CLANG_ANALYZER_NUMBER_OBJECT_CONVERSION = YES_AGGRESSIVE;
				CLANG_CXX_LANGUAGE_STANDARD = "gnu++20";
				CLANG_ENABLE_MODULES = YES;
				CLANG_ENABLE_OBJC_ARC = YES;
				CLANG_ENABLE_OBJC_WEAK = YES;
				CLANG_WARN_BLOCK_CAPTURE_AUTORELEASING = YES;
				CLANG_WARN_BOOL_CONVERSION = YES;
				CLANG_WARN_COMMA = YES;
				CLANG_WARN_CONSTANT_CONVERSION = YES;
				CLANG_WARN_DEPRECATED_OBJC_IMPLEMENTATIONS = YES;
				CLANG_WARN_DIRECT_OBJC_ISA_USAGE = YES_ERROR;
				CLANG_WARN_DOCUMENTATION_COMMENTS = YES;
				CLANG_WARN_EMPTY_BODY = YES;
				CLANG_WARN_ENUM_CONVERSION = YES;
				CLANG_WARN_INFINITE_RECURSION = YES;
				CLANG_WARN_INT_CONVERSION = YES;
				CLANG_WARN_NON_LITERAL_NULL_CONVERSION = YES;
				CLANG_WARN_OBJC_IMPLICIT_RETAIN_SELF = YES;
				CLANG_WARN_OBJC_LITERAL_CONVERSION = YES;
				CLANG_WARN_OBJC_ROOT_CLASS = YES_ERROR;
				CLANG_WARN_QUOTED_INCLUDE_IN_FRAMEWORK_HEADER = YES;
				CLANG_WARN_RANGE_LOOP_ANALYSIS = YES;
				CLANG_WARN_STRICT_PROTOTYPES = YES;
				CLANG_WARN_SUSPICIOUS_MOVE = YES;
				CLANG_WARN_UNGUARDED_AVAILABILITY = YES_AGGRESSIVE;
				CLANG_WARN_UNREACHABLE_CODE = YES;
				CLANG_WARN__DUPLICATE_METHOD_MATCH = YES;
				COPY_PHASE_STRIP = NO;
				DEBUG_INFORMATION_FORMAT = "dwarf-with-dsym";
				DEVELOPMENT_TEAM = 9S7UVPFSUT;
				ENABLE_NS_ASSERTIONS = NO;
				ENABLE_STRICT_OBJC_MSGSEND = YES;
				ENABLE_USER_SCRIPT_SANDBOXING = YES;
				GCC_C_LANGUAGE_STANDARD = gnu17;
				GCC_NO_COMMON_BLOCKS = YES;
				GCC_WARN_64_TO_32_BIT_CONVERSION = YES;
				GCC_WARN_ABOUT_RETURN_TYPE = YES_ERROR;
				GCC_WARN_UNDECLARED_SELECTOR = YES;
				GCC_WARN_UNINITIALIZED_AUTOS = YES_AGGRESSIVE;
				GCC_WARN_UNUSED_FUNCTION = YES;
				GCC_WARN_UNUSED_VARIABLE = YES;
				IPHONEOS_DEPLOYMENT_TARGET = 17.0;
				MTL_ENABLE_DEBUG_INFO = NO;
				MTL_FAST_MATH = YES;
				SDKROOT = iphoneos;
				STRING_CATALOG_GENERATE_SYMBOLS = YES;
				SWIFT_COMPILATION_MODE = wholemodule;
				VALIDATE_PRODUCT = YES;
			};
			name = Release;
		};
		G10020 /* Debug */ = {
			isa = XCBuildConfiguration;
			buildSettings = {
				ASSETCATALOG_COMPILER_APPICON_NAME = AppIcon;
				ASSETCATALOG_COMPILER_GLOBAL_ACCENT_COLOR_NAME = AccentColor;
				CODE_SIGN_ENTITLEMENTS = SavePal/SavePal.entitlements;
				CODE_SIGN_STYLE = Automatic;
				CURRENT_PROJECT_VERSION = 2;
				ENABLE_PREVIEWS = YES;
				GENERATE_INFOPLIST_FILE = YES;
				INFOPLIST_FILE = SavePal/Info.plist;
				INFOPLIST_KEY_CFBundleDisplayName = SavePals;
				INFOPLIST_KEY_LSApplicationCategoryType = "public.app-category.finance";
				INFOPLIST_KEY_UIApplicationSceneManifest_Generation = YES;
				INFOPLIST_KEY_UIApplicationSupportsIndirectInputEvents = YES;
				INFOPLIST_KEY_UILaunchScreen_Generation = YES;
				INFOPLIST_KEY_UISupportedInterfaceOrientations_iPad = "UIInterfaceOrientationPortrait UIInterfaceOrientationPortraitUpsideDown UIInterfaceOrientationLandscapeLeft UIInterfaceOrientationLandscapeRight";
				INFOPLIST_KEY_UISupportedInterfaceOrientations_iPhone = UIInterfaceOrientationPortrait;
				LD_RUNPATH_SEARCH_PATHS = (
					"$(inherited)",
					"@executable_path/Frameworks",
				);
				MARKETING_VERSION = 1.4;
				PRODUCT_BUNDLE_IDENTIFIER = com.savepal.app;
				PRODUCT_NAME = "$(TARGET_NAME)";
				SWIFT_EMIT_LOC_STRINGS = YES;
				SWIFT_VERSION = 5.0;
				TARGETED_DEVICE_FAMILY = "1,2";
			};
			name = Debug;
		};
		G10021 /* Release */ = {
			isa = XCBuildConfiguration;
			buildSettings = {
				ASSETCATALOG_COMPILER_APPICON_NAME = AppIcon;
				ASSETCATALOG_COMPILER_GLOBAL_ACCENT_COLOR_NAME = AccentColor;
				CODE_SIGN_ENTITLEMENTS = SavePal/SavePal.entitlements;
				CODE_SIGN_STYLE = Automatic;
				CURRENT_PROJECT_VERSION = 2;
				ENABLE_PREVIEWS = YES;
				GENERATE_INFOPLIST_FILE = YES;
				INFOPLIST_FILE = SavePal/Info.plist;
				INFOPLIST_KEY_CFBundleDisplayName = SavePals;
				INFOPLIST_KEY_LSApplicationCategoryType = "public.app-category.finance";
				INFOPLIST_KEY_UIApplicationSceneManifest_Generation = YES;
				INFOPLIST_KEY_UIApplicationSupportsIndirectInputEvents = YES;
				INFOPLIST_KEY_UILaunchScreen_Generation = YES;
				INFOPLIST_KEY_UISupportedInterfaceOrientations_iPad = "UIInterfaceOrientationPortrait UIInterfaceOrientationPortraitUpsideDown UIInterfaceOrientationLandscapeLeft UIInterfaceOrientationLandscapeRight";
				INFOPLIST_KEY_UISupportedInterfaceOrientations_iPhone = UIInterfaceOrientationPortrait;
				LD_RUNPATH_SEARCH_PATHS = (
					"$(inherited)",
					"@executable_path/Frameworks",
				);
				MARKETING_VERSION = 1.4;
				PRODUCT_BUNDLE_IDENTIFIER = com.savepal.app;
				PRODUCT_NAME = "$(TARGET_NAME)";
				SWIFT_EMIT_LOC_STRINGS = YES;
				SWIFT_VERSION = 5.0;
				TARGETED_DEVICE_FAMILY = "1,2";
			};
			name = Release;
		};
		2ED466C492124CEC8A353204 /* Debug */ = {
			isa = XCBuildConfiguration;
			buildSettings = {
				BUNDLE_LOADER = "$(TEST_HOST)";
				CODE_SIGN_STYLE = Automatic;
				CURRENT_PROJECT_VERSION = 1;
				DEVELOPMENT_TEAM = 9S7UVPFSUT;
				GENERATE_INFOPLIST_FILE = YES;
				IPHONEOS_DEPLOYMENT_TARGET = 17.0;
				MARKETING_VERSION = 1.0;
				PRODUCT_BUNDLE_IDENTIFIER = com.savepal.app.tests;
				PRODUCT_NAME = "$(TARGET_NAME)";
				SWIFT_EMIT_LOC_STRINGS = NO;
				SWIFT_VERSION = 5.0;
				TARGETED_DEVICE_FAMILY = "1,2";
				TEST_HOST = "$(BUILT_PRODUCTS_DIR)/SavePal.app/$(BUNDLE_EXECUTABLE_FOLDER_PATH)/SavePal";
			};
			name = Debug;
		};
		888FC1735FD64837B8C25AED /* Release */ = {
			isa = XCBuildConfiguration;
			buildSettings = {
				BUNDLE_LOADER = "$(TEST_HOST)";
				CODE_SIGN_STYLE = Automatic;
				CURRENT_PROJECT_VERSION = 1;
				DEVELOPMENT_TEAM = 9S7UVPFSUT;
				GENERATE_INFOPLIST_FILE = YES;
				IPHONEOS_DEPLOYMENT_TARGET = 17.0;
				MARKETING_VERSION = 1.0;
				PRODUCT_BUNDLE_IDENTIFIER = com.savepal.app.tests;
				PRODUCT_NAME = "$(TARGET_NAME)";
				SWIFT_EMIT_LOC_STRINGS = NO;
				SWIFT_VERSION = 5.0;
				TARGETED_DEVICE_FAMILY = "1,2";
				TEST_HOST = "$(BUILT_PRODUCTS_DIR)/SavePal.app/$(BUNDLE_EXECUTABLE_FOLDER_PATH)/SavePal";
			};
			name = Release;
		};
/* End XCBuildConfiguration section */

/* Begin XCConfigurationList section */
		G10001 /* Build configuration list for PBXProject "SavePal" */ = {
			isa = XCConfigurationList;
			buildConfigurations = (
				G10010 /* Debug */,
				G10011 /* Release */,
			);
			defaultConfigurationIsVisible = 0;
			defaultConfigurationName = Release;
		};
		G10003 /* Build configuration list for PBXNativeTarget "SavePal" */ = {
			isa = XCConfigurationList;
			buildConfigurations = (
				G10020 /* Debug */,
				G10021 /* Release */,
			);
			defaultConfigurationIsVisible = 0;
			defaultConfigurationName = Release;
		};
		296B4D614F414E48817472A0 /* Build configuration list for PBXNativeTarget "SavePalTests" */ = {
			isa = XCConfigurationList;
			buildConfigurations = (
				2ED466C492124CEC8A353204 /* Debug */,
				888FC1735FD64837B8C25AED /* Release */,
			);
			defaultConfigurationIsVisible = 0;
			defaultConfigurationName = Release;
		};
/* End XCConfigurationList section */

/* Begin XCRemoteSwiftPackageReference section */
		677BE0EC2F5A680200C7B5B9 /* XCRemoteSwiftPackageReference "GoogleSignIn-iOS" */ = {
			isa = XCRemoteSwiftPackageReference;
			repositoryURL = "https://github.com/google/GoogleSignIn-iOS";
			requirement = {
				kind = upToNextMajorVersion;
				minimumVersion = 9.1.0;
			};
		};
		R10001 /* XCRemoteSwiftPackageReference "stripe-ios" */ = {
			isa = XCRemoteSwiftPackageReference;
			repositoryURL = "https://github.com/stripe/stripe-ios";
			requirement = {
				kind = upToNextMajorVersion;
				minimumVersion = 25.9.0;
			};
		};
/* End XCRemoteSwiftPackageReference section */

/* Begin XCSwiftPackageProductDependency section */
		677BE0ED2F5A680200C7B5B9 /* GoogleSignIn */ = {
			isa = XCSwiftPackageProductDependency;
			package = 677BE0EC2F5A680200C7B5B9 /* XCRemoteSwiftPackageReference "GoogleSignIn-iOS" */;
			productName = GoogleSignIn;
		};
		P10001 /* StripePaymentSheet */ = {
			isa = XCSwiftPackageProductDependency;
			package = R10001 /* XCRemoteSwiftPackageReference "stripe-ios" */;
			productName = StripePaymentSheet;
		};
/* End XCSwiftPackageProductDependency section */
	};
	rootObject = F10000 /* Project object */;
}
